lockfileVersion: '9.0'

settings:
  autoInstallPeers: true
  excludeLinksFromLockfile: false

importers:

  .:
    dependencies:
      '@ai-sdk/groq':
        specifier: ^2.0.2
        version: 2.0.2(zod@3.25.76)
      ai:
        specifier: ^5.0.4
        version: 5.0.4(zod@3.25.76)

packages:

  '@ai-sdk/gateway@1.0.2':
    resolution: {integrity: sha512-RCE6v6/7JMzSHmjB0R7oWT54y/VYeEv+6NYLtkQKdxN871UawFFHpL7TW7IRnn+/SHdRlr7XoWxxGdHEaGRKiA==}
    engines: {node: '>=18'}
    peerDependencies:
      zod: ^3.25.76 || ^4

  '@ai-sdk/groq@2.0.2':
    resolution: {integrity: sha512-oiMkruBlXdCN8jPHr0bzZlPB5XCse0daQW8qPcnqx2gCARsAmM1xhoZdpWXxlBPwCueOjkqo1AGA7npKlnzC2Q==}
    engines: {node: '>=18'}
    peerDependencies:
      zod: ^3.25.76 || ^4

  '@ai-sdk/provider-utils@3.0.1':
    resolution: {integrity: sha512-/iP1sKc6UdJgGH98OCly7sWJKv+J9G47PnTjIj40IJMUQKwDrUMyf7zOOfRtPwSuNifYhSoJQ4s1WltI65gJ/g==}
    engines: {node: '>=18'}
    peerDependencies:
      zod: ^3.25.76 || ^4

  '@ai-sdk/provider@2.0.0':
    resolution: {integrity: sha512-6o7Y2SeO9vFKB8lArHXehNuusnpddKPk7xqL7T2/b+OvXMRIXUO1rR4wcv1hAFUAT9avGZshty3Wlua/XA7TvA==}
    engines: {node: '>=18'}

  '@opentelemetry/api@1.9.0':
    resolution: {integrity: sha512-3giAOQvZiH5F9bMlMiv8+GSPMeqg0dbaeo58/0SlA9sxSqZhnUtxzX9/2FzyhS9sWQf5S0GJE0AKBrFqjpeYcg==}
    engines: {node: '>=8.0.0'}

  '@standard-schema/spec@1.0.0':
    resolution: {integrity: sha512-m2bOd0f2RT9k8QJx1JN85cZYyH1RqFBdlwtkSlf4tBDYLCiiZnv1fIIwacK6cqwXavOydf0NPToMQgpKq+dVlA==}

  ai@5.0.4:
    resolution: {integrity: sha512-nizyqRxFlJShCAh/xPqor9EYpuaiGqCcYqau9A2GaSL+di+Qf6pA+Hos5x1orlodmT+EciZfoC2Sq+I12OmIUg==}
    engines: {node: '>=18'}
    peerDependencies:
      zod: ^3.25.76 || ^4

  eventsource-parser@3.0.3:
    resolution: {integrity: sha512-nVpZkTMM9rF6AQ9gPJpFsNAMt48wIzB5TQgiTLdHiuO8XEDhUgZEhqKlZWXbIzo9VmJ/HvysHqEaVeD5v9TPvA==}
    engines: {node: '>=20.0.0'}

  json-schema@0.4.0:
    resolution: {integrity: sha512-es94M3nTIfsEPisRafak+HDLfHXnKBhV3vU5eqPcS3flIWqcxJWgXHXiey3YrpaNsanY5ei1VoYEbOzijuq9BA==}

  zod-to-json-schema@3.24.6:
    resolution: {integrity: sha512-h/z3PKvcTcTetyjl1fkj79MHNEjm+HpD6NXheWjzOekY7kV+lwDYnHw+ivHkijnCSMz1yJaWBD9vu/Fcmk+vEg==}
    peerDependencies:
      zod: ^3.24.1

  zod@3.25.76:
    resolution: {integrity: sha512-gzUt/qt81nXsFGKIFcC3YnfEAx5NkunCfnDlvuBSSFS02bcXu4Lmea0AFIUwbLWxWPx3d9p8S5QoaujKcNQxcQ==}

snapshots:

  '@ai-sdk/gateway@1.0.2(zod@3.25.76)':
    dependencies:
      '@ai-sdk/provider': 2.0.0
      '@ai-sdk/provider-utils': 3.0.1(zod@3.25.76)
      zod: 3.25.76

  '@ai-sdk/groq@2.0.2(zod@3.25.76)':
    dependencies:
      '@ai-sdk/provider': 2.0.0
      '@ai-sdk/provider-utils': 3.0.1(zod@3.25.76)
      zod: 3.25.76

  '@ai-sdk/provider-utils@3.0.1(zod@3.25.76)':
    dependencies:
      '@ai-sdk/provider': 2.0.0
      '@standard-schema/spec': 1.0.0
      eventsource-parser: 3.0.3
      zod: 3.25.76
      zod-to-json-schema: 3.24.6(zod@3.25.76)

  '@ai-sdk/provider@2.0.0':
    dependencies:
      json-schema: 0.4.0

  '@opentelemetry/api@1.9.0': {}

  '@standard-schema/spec@1.0.0': {}

  ai@5.0.4(zod@3.25.76):
    dependencies:
      '@ai-sdk/gateway': 1.0.2(zod@3.25.76)
      '@ai-sdk/provider': 2.0.0
      '@ai-sdk/provider-utils': 3.0.1(zod@3.25.76)
      '@opentelemetry/api': 1.9.0
      zod: 3.25.76

  eventsource-parser@3.0.3: {}

  json-schema@0.4.0: {}

  zod-to-json-schema@3.24.6(zod@3.25.76):
    dependencies:
      zod: 3.25.76

  zod@3.25.76: {}
